{
  "name": "portfoliov3",
  "version": "1.0.0",
  "lockfileVersion": 1,
  "requires": true,
  "dependencies": {
    "@fortawesome/fontawesome-free": {
      "version": "5.15.4",
      "resolved": "https://registry.npmjs.org/@fortawesome/fontawesome-free/-/fontawesome-free-5.15.4.tgz",
      "integrity": "sha512-eYm8vijH/hpzr/6/1CJ/V/Eb1xQFW2nnUKArb3z+yUWv7HTwj6M7SP957oMjfZjAHU6qpoNc2wQvIxBLWYa/Jg=="
    },
    "gsap": {
      "version": "3.7.1",
      "resolved": "C:\\wamp64\\www\\portfoliov3\\gsap-bonus.tgz",
      "integrity": "sha512-vvLunpV7VusITuZlyVF7VSn5h79GNXlBs66+b1H6LRwWr2tr9ZWx2X1zqKiWha+x/cgx7y3NhqzukOpKFVN+Cw=="
    }
  }
}
