{
  "name": "portfoliov3",
  "version": "1.0.0",
  "lockfileVersion": 1,
  "requires": true,
  "dependencies": {
    "font-awesome": {
      "version": "4.7.0",
      "resolved": "https://registry.npmjs.org/font-awesome/-/font-awesome-4.7.0.tgz",
      "integrity": "sha1-j6jPBBGhoxr9B7BtKQK7n8gVoTM="
    },
    "gsap": {
      "version": "3.7.1",
      "resolved": "C:\\wamp64\\www\\portfoliov3\\gsap-bonus.tgz",
      "integrity": "sha512-vvLunpV7VusITuZlyVF7VSn5h79GNXlBs66+b1H6LRwWr2tr9ZWx2X1zqKiWha+x/cgx7y3NhqzukOpKFVN+Cw=="
    }
  }
}
